# This file is generated by running "yarn install" inside your project.
# Manual changes might be lost - proceed with caution!

__metadata:
  version: 6
  cacheKey: 8

"next@canary":
  version: 9.5.2-canary.1
  resolution: "next@npm:9.5.2-canary.1"
  languageName: node
  linkType: hard

"typescript@next":
  version: 4.0.0-dev.20200731
  resolution: "typescript@npm:4.0.0-dev.20200731"
  languageName: node
  linkType: hard
