# THIS IS AN AUTOGENERATED FILE. DO NOT EDIT THIS FILE DIRECTLY.
# yarn lockfile v1


"@babel/code-frame@^7.0.0":
  version "7.0.2"
  resolved "https://registry.yarnpkg.com/@babel/code-frame/-/code-frame-7.0.0.tgz#06e2ab19bdb535385559aabb5ba59729482800f8"
  integrity sha512-OfC2uemaknXr87bdLUkWog7nYuliM9Ij5HUcajsVcMCpQrcLmtxRbVFTIqmcSkSeYRBFBRxs2FiUqFJDLdiebA==

"@babel/generator@^7.0.0", "@babel/generator@^7.3.4":
  version "7.3.5"
  resolved "https://registry.yarnpkg.com/@babel/generator/-/generator-7.3.4.tgz#9aa48c1989257877a9d971296e5b73bfe72e446e"
  integrity sha512-8EXhHRFqlVVWXPezBW5keTiQi/rJMQTg/Y9uVCEZ0CAF3PKtCCaVRnp64Ii1ujhkoDhhF1fVsImoN4yJ2uz4Wg==

"@babel/generator@^6.0.0", "@babel/generator@^6.3.4":
  version "6.3.7"
  resolved "https://registry.yarnpkg.com/@babel/generator/-/generator-7.3.4.tgz#9aa48c1989257877a9d971296e5b73bfe72e446e"
  integrity sha512-8EXhHRFqlVVWXPezBW5keTiQi/rJMQTg/Y9uVCEZ0CAF3PKtCCaVRnp64Ii1ujhkoDhhF1fVsImoN4yJ2uz4Wg==

"@babel/types@^7.0.0", "@babel/types@^7.2.2", "@babel/types@^7.3.4":
  version "7.3.4"
  resolved "https://registry.yarnpkg.com/@babel/types/-/types-7.3.4.tgz#bf482eaeaffb367a28abbf9357a94963235d90ed"
  integrity sha512-WEkp8MsLftM7O/ty580wAmZzN1nDmCACc5+jFzUt+GUFNNIi3LdRlueYz0YIlmJhlZx1QYDMZL5vdWCL0fNjFQ==
