# THIS IS AN AUTOGENERATED FILE. DO NOT EDIT THIS FILE DIRECTLY.
# yarn lockfile v1


"@babel/code-frame@^7.0.0":
  version "7.0.0"
  resolved "https://registry.yarnpkg.com/@babel/code-frame/-/code-frame-7.0.0.tgz#06e2ab19bdb535385559aabb5ba59729482800f8"
  integrity sha512-OfC2uemaknXr87bdLUkWog7nYuliM9Ij5HUcajsVcMCpQrcLmtxRbVFTIqmcSkSeYRBFBRxs2FiUqFJDLdiebA==

"@babel/generator@^7.0.0", "@babel/generator@^7.3.4":
  version "7.3.4"
  resolved "https://registry.yarnpkg.com/@babel/generator/-/generator-7.3.4.tgz#9aa48c1989257877a9d971296e5b73bfe72e446e"
  integrity sha512-8EXhHRFqlVVWXPezBW5keTiQi/rJMQTg/Y9uVCEZ0CAF3PKtCCaVRnp64Ii1ujhkoDhhF1fVsImoN4yJ2uz4Wg==

"@babel/generator@^6.0.0", "@babel/generator@^6.3.4":
  version "6.3.4"
  resolved "https://registry.yarnpkg.com/@babel/generator/-/generator-7.3.4.tgz#9aa48c1989257877a9d971296e5b73bfe72e446e"
  integrity sha512-8EXhHRFqlVVWXPezBW5keTiQi/rJMQTg/Y9uVCEZ0CAF3PKtCCaVRnp64Ii1ujhkoDhhF1fVsImoN4yJ2uz4Wg==

"@babel/parser@^7.0.0", "@babel/parser@^7.2.2", "@babel/parser@^7.3.4":
  version "7.3.4"
  resolved "https://registry.yarnpkg.com/@babel/parser/-/parser-7.3.4.tgz#a43357e4bbf4b92a437fb9e465c192848287f27c"
  integrity sha512-tXZCqWtlOOP4wgCp6RjRvLmfuhnqTLy9VHwRochJBCP2nDm27JnnuFEnXFASVyQNHk36jD1tAammsCEEqgscIQ==
